// !$*UTF8*$!
{
	archiveVersion = 1;
	classes = {
	};
	objectVersion = 56;
	objects = {

/* Begin PBXBuildFile section */
		550109852B89E99D0005F1D5 /* CustomTableViewCell.swift in Sources */ = {isa = PBXBuildFile; fileRef = 550109842B89E99D0005F1D5 /* CustomTableViewCell.swift */; };
		550109892B8A36FE0005F1D5 /* AppIconModel.swift in Sources */ = {isa = PBXBuildFile; fileRef = 550109882B8A36FE0005F1D5 /* AppIconModel.swift */; };
		551426FE2B88CBC6000446E9 /* AccountViewController.swift in Sources */ = {isa = PBXBuildFile; fileRef = 551426FD2B88CBC6000446E9 /* AccountViewController.swift */; };
		551427002B88CBD5000446E9 /* AccountPresenter.swift in Sources */ = {isa = PBXBuildFile; fileRef = 551426FF2B88CBD5000446E9 /* AccountPresenter.swift */; };
		551427022B88CBEA000446E9 /* AccountRouter.swift in Sources */ = {isa = PBXBuildFile; fileRef = 551427012B88CBEA000446E9 /* AccountRouter.swift */; };
		551427042B88CBF4000446E9 /* AccountBuilder.swift in Sources */ = {isa = PBXBuildFile; fileRef = 551427032B88CBF4000446E9 /* AccountBuilder.swift */; };
		551427082B89375C000446E9 /* AppIconCell.swift in Sources */ = {isa = PBXBuildFile; fileRef = 551427072B89375C000446E9 /* AppIconCell.swift */; };
		5514270A2B893A95000446E9 /* GeneralTableView.swift in Sources */ = {isa = PBXBuildFile; fileRef = 551427092B893A95000446E9 /* GeneralTableView.swift */; };
		5514270C2B893CBF000446E9 /* RiskyZoneTableView.swift in Sources */ = {isa = PBXBuildFile; fileRef = 5514270B2B893CBF000446E9 /* RiskyZoneTableView.swift */; };
		5514270E2B894198000446E9 /* AppIconCollectionView.swift in Sources */ = {isa = PBXBuildFile; fileRef = 5514270D2B894198000446E9 /* AppIconCollectionView.swift */; };
		551509732B90984100D162CF /* EditEmailViewController.swift in Sources */ = {isa = PBXBuildFile; fileRef = 551509722B90984100D162CF /* EditEmailViewController.swift */; };
		551509752B90993E00D162CF /* EditEmailPresenter.swift in Sources */ = {isa = PBXBuildFile; fileRef = 551509742B90993E00D162CF /* EditEmailPresenter.swift */; };
		551509772B90999200D162CF /* EditEmailRouter.swift in Sources */ = {isa = PBXBuildFile; fileRef = 551509762B90999200D162CF /* EditEmailRouter.swift */; };
		551509792B9099A100D162CF /* EditEmailBuilder.swift in Sources */ = {isa = PBXBuildFile; fileRef = 551509782B9099A100D162CF /* EditEmailBuilder.swift */; };
		5515097D2B909CE600D162CF /* EnterVerificationCodeViewController.swift in Sources */ = {isa = PBXBuildFile; fileRef = 5515097C2B909CE600D162CF /* EnterVerificationCodeViewController.swift */; };
		5515097F2B909D0C00D162CF /* EnterVerificationCodePresenter.swift in Sources */ = {isa = PBXBuildFile; fileRef = 5515097E2B909D0C00D162CF /* EnterVerificationCodePresenter.swift */; };
		551509812B909D1500D162CF /* EnterVerificationCodeBuilder.swift in Sources */ = {isa = PBXBuildFile; fileRef = 551509802B909D1500D162CF /* EnterVerificationCodeBuilder.swift */; };
		555F07532B85EF5F00E6991E /* AuthConsts.swift in Sources */ = {isa = PBXBuildFile; fileRef = 555F07522B85EF5F00E6991E /* AuthConsts.swift */; };
		556167AF2B8F58F9001AF383 /* EditNameViewController.swift in Sources */ = {isa = PBXBuildFile; fileRef = 556167AE2B8F58F9001AF383 /* EditNameViewController.swift */; };
		556167B22B8F5CDB001AF383 /* EditNamePresenter.swift in Sources */ = {isa = PBXBuildFile; fileRef = 556167B12B8F5CDB001AF383 /* EditNamePresenter.swift */; };
		556167B42B8F5EA5001AF383 /* EditNameBuilder.swift in Sources */ = {isa = PBXBuildFile; fileRef = 556167B32B8F5EA5001AF383 /* EditNameBuilder.swift */; };
		556167B72B8F5F81001AF383 /* EnterAuthCodeViewController.swift in Sources */ = {isa = PBXBuildFile; fileRef = 556167B62B8F5F81001AF383 /* EnterAuthCodeViewController.swift */; };
		556167BC2B8F61D2001AF383 /* EnterAuthCodePresenter.swift in Sources */ = {isa = PBXBuildFile; fileRef = 556167BB2B8F61D2001AF383 /* EnterAuthCodePresenter.swift */; };
		556167BE2B8F6201001AF383 /* EnterAuthCodeBuilder.swift in Sources */ = {isa = PBXBuildFile; fileRef = 556167BD2B8F6201001AF383 /* EnterAuthCodeBuilder.swift */; };
		556167C02B8F6421001AF383 /* EnterAuthCodeRouter.swift in Sources */ = {isa = PBXBuildFile; fileRef = 556167BF2B8F6421001AF383 /* EnterAuthCodeRouter.swift */; };
		556167C32B8F659D001AF383 /* EditPasswordViewController.swift in Sources */ = {isa = PBXBuildFile; fileRef = 556167C22B8F659D001AF383 /* EditPasswordViewController.swift */; };
		556167C52B8F6B96001AF383 /* EditPasswordPresenter.swift in Sources */ = {isa = PBXBuildFile; fileRef = 556167C42B8F6B96001AF383 /* EditPasswordPresenter.swift */; };
		556167C72B8F6BD0001AF383 /* EditPasswordBuilder.swift in Sources */ = {isa = PBXBuildFile; fileRef = 556167C62B8F6BD0001AF383 /* EditPasswordBuilder.swift */; };
		557A2DCD2B97C37900ACA400 /* TagsCollectionView.swift in Sources */ = {isa = PBXBuildFile; fileRef = 557A2DCC2B97C37900ACA400 /* TagsCollectionView.swift */; };
		559A50492B97822F00A2BAB4 /* SettingsPresenter.swift in Sources */ = {isa = PBXBuildFile; fileRef = 559A50482B97822F00A2BAB4 /* SettingsPresenter.swift */; };
		559A504B2B97825400A2BAB4 /* SettingsBuilder.swift in Sources */ = {isa = PBXBuildFile; fileRef = 559A504A2B97825400A2BAB4 /* SettingsBuilder.swift */; };
		559A50512B97844400A2BAB4 /* TagCell.swift in Sources */ = {isa = PBXBuildFile; fileRef = 559A50502B97844400A2BAB4 /* TagCell.swift */; };
		55A049182B91CB3000CD9C46 /* GroupsTableView.swift in Sources */ = {isa = PBXBuildFile; fileRef = 55A049172B91CB3000CD9C46 /* GroupsTableView.swift */; };
		55A326682B81F8FC007C9B74 /* AppDelegate.swift in Sources */ = {isa = PBXBuildFile; fileRef = 55A326672B81F8FC007C9B74 /* AppDelegate.swift */; };
		55A3266A2B81F8FC007C9B74 /* SceneDelegate.swift in Sources */ = {isa = PBXBuildFile; fileRef = 55A326692B81F8FC007C9B74 /* SceneDelegate.swift */; };
		55A3266C2B81F8FC007C9B74 /* ViewController.swift in Sources */ = {isa = PBXBuildFile; fileRef = 55A3266B2B81F8FC007C9B74 /* ViewController.swift */; };
		55A326712B81F8FE007C9B74 /* Assets.xcassets in Resources */ = {isa = PBXBuildFile; fileRef = 55A326702B81F8FE007C9B74 /* Assets.xcassets */; };
		55A326742B81F8FE007C9B74 /* LaunchScreen.storyboard in Resources */ = {isa = PBXBuildFile; fileRef = 55A326722B81F8FE007C9B74 /* LaunchScreen.storyboard */; };
		55A326942B820701007C9B74 /* UIViewPin.swift in Sources */ = {isa = PBXBuildFile; fileRef = 55A326932B820701007C9B74 /* UIViewPin.swift */; };
		55A326962B820A2D007C9B74 /* WellcomeViewController.swift in Sources */ = {isa = PBXBuildFile; fileRef = 55A326952B820A2D007C9B74 /* WellcomeViewController.swift */; };
		55A326982B820B03007C9B74 /* WellcomePresenter.swift in Sources */ = {isa = PBXBuildFile; fileRef = 55A326972B820B03007C9B74 /* WellcomePresenter.swift */; };
		55A3269A2B820F83007C9B74 /* WellcomeBuilder.swift in Sources */ = {isa = PBXBuildFile; fileRef = 55A326992B820F83007C9B74 /* WellcomeBuilder.swift */; };
		55A3269C2B820FFA007C9B74 /* WellcomeRouter.swift in Sources */ = {isa = PBXBuildFile; fileRef = 55A3269B2B820FFA007C9B74 /* WellcomeRouter.swift */; };
		55A326A12B821E18007C9B74 /* EnterEmailViewController.swift in Sources */ = {isa = PBXBuildFile; fileRef = 55A326A02B821E18007C9B74 /* EnterEmailViewController.swift */; };
		55A326A32B82204E007C9B74 /* EnterEmailPresenter.swift in Sources */ = {isa = PBXBuildFile; fileRef = 55A326A22B82204E007C9B74 /* EnterEmailPresenter.swift */; };
		55A326A52B822092007C9B74 /* EnterEmailRouter.swift in Sources */ = {isa = PBXBuildFile; fileRef = 55A326A42B822092007C9B74 /* EnterEmailRouter.swift */; };
		55A326A72B822103007C9B74 /* EnterEmailBuilder.swift in Sources */ = {isa = PBXBuildFile; fileRef = 55A326A62B822103007C9B74 /* EnterEmailBuilder.swift */; };
		55A326AD2B823CF7007C9B74 /* NetworkService.swift in Sources */ = {isa = PBXBuildFile; fileRef = 55A326AC2B823CF7007C9B74 /* NetworkService.swift */; };
		55A326B02B82535E007C9B74 /* UserModel.swift in Sources */ = {isa = PBXBuildFile; fileRef = 55A326AF2B82535E007C9B74 /* UserModel.swift */; };
		55A326B32B825453007C9B74 /* EnterCodeViewController.swift in Sources */ = {isa = PBXBuildFile; fileRef = 55A326B22B825453007C9B74 /* EnterCodeViewController.swift */; };
		55A326B52B8259D4007C9B74 /* EnterCodeBuilder.swift in Sources */ = {isa = PBXBuildFile; fileRef = 55A326B42B8259D4007C9B74 /* EnterCodeBuilder.swift */; };
		55A326B72B8259E1007C9B74 /* EnterCodePresenter.swift in Sources */ = {isa = PBXBuildFile; fileRef = 55A326B62B8259E1007C9B74 /* EnterCodePresenter.swift */; };
		55A326B92B8259F1007C9B74 /* EnterCodeRouter.swift in Sources */ = {isa = PBXBuildFile; fileRef = 55A326B82B8259F1007C9B74 /* EnterCodeRouter.swift */; };
		55A326BB2B82612B007C9B74 /* DataManager.swift in Sources */ = {isa = PBXBuildFile; fileRef = 55A326BA2B82612B007C9B74 /* DataManager.swift */; };
		55A326BF2B8263C0007C9B74 /* EnterPasswordViewController.swift in Sources */ = {isa = PBXBuildFile; fileRef = 55A326BE2B8263C0007C9B74 /* EnterPasswordViewController.swift */; };
		55A326C12B8263C8007C9B74 /* EnterPasswordPresenter.swift in Sources */ = {isa = PBXBuildFile; fileRef = 55A326C02B8263C8007C9B74 /* EnterPasswordPresenter.swift */; };
		55A326C32B8263D1007C9B74 /* EnterPasswordRouter.swift in Sources */ = {isa = PBXBuildFile; fileRef = 55A326C22B8263D1007C9B74 /* EnterPasswordRouter.swift */; };
		55A326C52B8263D9007C9B74 /* EnterPasswordBuilder.swift in Sources */ = {isa = PBXBuildFile; fileRef = 55A326C42B8263D9007C9B74 /* EnterPasswordBuilder.swift */; };
		55A326C82B8268C1007C9B74 /* EnterNameViewController.swift in Sources */ = {isa = PBXBuildFile; fileRef = 55A326C72B8268C1007C9B74 /* EnterNameViewController.swift */; };
		55A326CA2B826964007C9B74 /* EnterNamePresenter.swift in Sources */ = {isa = PBXBuildFile; fileRef = 55A326C92B826964007C9B74 /* EnterNamePresenter.swift */; };
		55A326CC2B8269F7007C9B74 /* EnterNameRouter.swift in Sources */ = {isa = PBXBuildFile; fileRef = 55A326CB2B8269F7007C9B74 /* EnterNameRouter.swift */; };
		55A326CE2B826A44007C9B74 /* EnterNameBuilder.swift in Sources */ = {isa = PBXBuildFile; fileRef = 55A326CD2B826A44007C9B74 /* EnterNameBuilder.swift */; };
		55AF8C6D2B9381DC00AC7CE0 /* RewindViewController.swift in Sources */ = {isa = PBXBuildFile; fileRef = 55AF8C6C2B9381DC00AC7CE0 /* RewindViewController.swift */; };
		55AF8C6F2B9381F100AC7CE0 /* RewindBuilder.swift in Sources */ = {isa = PBXBuildFile; fileRef = 55AF8C6E2B9381F100AC7CE0 /* RewindBuilder.swift */; };
		55AF8C712B93C9F800AC7CE0 /* RewindPresenter.swift in Sources */ = {isa = PBXBuildFile; fileRef = 55AF8C702B93C9F800AC7CE0 /* RewindPresenter.swift */; };
		55AF8C732B93CA1800AC7CE0 /* RewindRouter.swift in Sources */ = {isa = PBXBuildFile; fileRef = 55AF8C722B93CA1800AC7CE0 /* RewindRouter.swift */; };
		55AF8C762B93CF1C00AC7CE0 /* ImageInfoView.swift in Sources */ = {isa = PBXBuildFile; fileRef = 55AF8C752B93CF1C00AC7CE0 /* ImageInfoView.swift */; };
		55C121892B8CCA6400520718 /* UIViewControllerExtension.swift in Sources */ = {isa = PBXBuildFile; fileRef = 55C121882B8CCA6400520718 /* UIViewControllerExtension.swift */; };
		55C3E5392B95E2A300701BF8 /* SettingsViewController.swift in Sources */ = {isa = PBXBuildFile; fileRef = 55C3E5382B95E2A300701BF8 /* SettingsViewController.swift */; };
		55C3E53B2B95E55D00701BF8 /* TypesTableView.swift in Sources */ = {isa = PBXBuildFile; fileRef = 55C3E53A2B95E55D00701BF8 /* TypesTableView.swift */; };
		55C3E53E2B9605ED00701BF8 /* SettingsCell.swift in Sources */ = {isa = PBXBuildFile; fileRef = 55C3E53D2B9605ED00701BF8 /* SettingsCell.swift */; };
		55C3E5412B96227800701BF8 /* PropertiesTableView.swift in Sources */ = {isa = PBXBuildFile; fileRef = 55C3E5402B96227800701BF8 /* PropertiesTableView.swift */; };
		55C652E82B984FEE00A8C595 /* AddSearchTagViewController.swift in Sources */ = {isa = PBXBuildFile; fileRef = 55C652E72B984FEE00A8C595 /* AddSearchTagViewController.swift */; };
		55C652EB2B98515100A8C595 /* AddSearchTagPresenter.swift in Sources */ = {isa = PBXBuildFile; fileRef = 55C652EA2B98515100A8C595 /* AddSearchTagPresenter.swift */; };
		55C652ED2B9851BA00A8C595 /* AddSearchTagBuilder.swift in Sources */ = {isa = PBXBuildFile; fileRef = 55C652EC2B9851BA00A8C595 /* AddSearchTagBuilder.swift */; };
		55C652EF2B98570C00A8C595 /* SettingsRouter.swift in Sources */ = {isa = PBXBuildFile; fileRef = 55C652EE2B98570C00A8C595 /* SettingsRouter.swift */; };
		55EFC5ED2B94B0CD00E82D20 /* UserDefaultsExtension.swift in Sources */ = {isa = PBXBuildFile; fileRef = 55EFC5EC2B94B0CD00E82D20 /* UserDefaultsExtension.swift */; };
/* End PBXBuildFile section */

/* Begin PBXFileReference section */
		550109842B89E99D0005F1D5 /* CustomTableViewCell.swift */ = {isa = PBXFileReference; lastKnownFileType = sourcecode.swift; path = CustomTableViewCell.swift; sourceTree = "<group>"; };
		550109882B8A36FE0005F1D5 /* AppIconModel.swift */ = {isa = PBXFileReference; lastKnownFileType = sourcecode.swift; path = AppIconModel.swift; sourceTree = "<group>"; };
		551426FD2B88CBC6000446E9 /* AccountViewController.swift */ = {isa = PBXFileReference; lastKnownFileType = sourcecode.swift; path = AccountViewController.swift; sourceTree = "<group>"; };
		551426FF2B88CBD5000446E9 /* AccountPresenter.swift */ = {isa = PBXFileReference; lastKnownFileType = sourcecode.swift; path = AccountPresenter.swift; sourceTree = "<group>"; };
		551427012B88CBEA000446E9 /* AccountRouter.swift */ = {isa = PBXFileReference; lastKnownFileType = sourcecode.swift; path = AccountRouter.swift; sourceTree = "<group>"; };
		551427032B88CBF4000446E9 /* AccountBuilder.swift */ = {isa = PBXFileReference; lastKnownFileType = sourcecode.swift; path = AccountBuilder.swift; sourceTree = "<group>"; };
		551427072B89375C000446E9 /* AppIconCell.swift */ = {isa = PBXFileReference; lastKnownFileType = sourcecode.swift; path = AppIconCell.swift; sourceTree = "<group>"; };
		551427092B893A95000446E9 /* GeneralTableView.swift */ = {isa = PBXFileReference; lastKnownFileType = sourcecode.swift; path = GeneralTableView.swift; sourceTree = "<group>"; };
		5514270B2B893CBF000446E9 /* RiskyZoneTableView.swift */ = {isa = PBXFileReference; lastKnownFileType = sourcecode.swift; path = RiskyZoneTableView.swift; sourceTree = "<group>"; };
		5514270D2B894198000446E9 /* AppIconCollectionView.swift */ = {isa = PBXFileReference; lastKnownFileType = sourcecode.swift; path = AppIconCollectionView.swift; sourceTree = "<group>"; };
		551509722B90984100D162CF /* EditEmailViewController.swift */ = {isa = PBXFileReference; lastKnownFileType = sourcecode.swift; path = EditEmailViewController.swift; sourceTree = "<group>"; };
		551509742B90993E00D162CF /* EditEmailPresenter.swift */ = {isa = PBXFileReference; lastKnownFileType = sourcecode.swift; path = EditEmailPresenter.swift; sourceTree = "<group>"; };
		551509762B90999200D162CF /* EditEmailRouter.swift */ = {isa = PBXFileReference; lastKnownFileType = sourcecode.swift; path = EditEmailRouter.swift; sourceTree = "<group>"; };
		551509782B9099A100D162CF /* EditEmailBuilder.swift */ = {isa = PBXFileReference; lastKnownFileType = sourcecode.swift; path = EditEmailBuilder.swift; sourceTree = "<group>"; };
		5515097C2B909CE600D162CF /* EnterVerificationCodeViewController.swift */ = {isa = PBXFileReference; lastKnownFileType = sourcecode.swift; path = EnterVerificationCodeViewController.swift; sourceTree = "<group>"; };
		5515097E2B909D0C00D162CF /* EnterVerificationCodePresenter.swift */ = {isa = PBXFileReference; lastKnownFileType = sourcecode.swift; path = EnterVerificationCodePresenter.swift; sourceTree = "<group>"; };
		551509802B909D1500D162CF /* EnterVerificationCodeBuilder.swift */ = {isa = PBXFileReference; lastKnownFileType = sourcecode.swift; path = EnterVerificationCodeBuilder.swift; sourceTree = "<group>"; };
		555F07522B85EF5F00E6991E /* AuthConsts.swift */ = {isa = PBXFileReference; lastKnownFileType = sourcecode.swift; path = AuthConsts.swift; sourceTree = "<group>"; };
		556167AE2B8F58F9001AF383 /* EditNameViewController.swift */ = {isa = PBXFileReference; lastKnownFileType = sourcecode.swift; path = EditNameViewController.swift; sourceTree = "<group>"; };
		556167B12B8F5CDB001AF383 /* EditNamePresenter.swift */ = {isa = PBXFileReference; lastKnownFileType = sourcecode.swift; path = EditNamePresenter.swift; sourceTree = "<group>"; };
		556167B32B8F5EA5001AF383 /* EditNameBuilder.swift */ = {isa = PBXFileReference; lastKnownFileType = sourcecode.swift; path = EditNameBuilder.swift; sourceTree = "<group>"; };
		556167B62B8F5F81001AF383 /* EnterAuthCodeViewController.swift */ = {isa = PBXFileReference; lastKnownFileType = sourcecode.swift; path = EnterAuthCodeViewController.swift; sourceTree = "<group>"; };
		556167BB2B8F61D2001AF383 /* EnterAuthCodePresenter.swift */ = {isa = PBXFileReference; lastKnownFileType = sourcecode.swift; path = EnterAuthCodePresenter.swift; sourceTree = "<group>"; };
		556167BD2B8F6201001AF383 /* EnterAuthCodeBuilder.swift */ = {isa = PBXFileReference; lastKnownFileType = sourcecode.swift; path = EnterAuthCodeBuilder.swift; sourceTree = "<group>"; };
		556167BF2B8F6421001AF383 /* EnterAuthCodeRouter.swift */ = {isa = PBXFileReference; lastKnownFileType = sourcecode.swift; path = EnterAuthCodeRouter.swift; sourceTree = "<group>"; };
		556167C22B8F659D001AF383 /* EditPasswordViewController.swift */ = {isa = PBXFileReference; lastKnownFileType = sourcecode.swift; path = EditPasswordViewController.swift; sourceTree = "<group>"; };
		556167C42B8F6B96001AF383 /* EditPasswordPresenter.swift */ = {isa = PBXFileReference; lastKnownFileType = sourcecode.swift; path = EditPasswordPresenter.swift; sourceTree = "<group>"; };
		556167C62B8F6BD0001AF383 /* EditPasswordBuilder.swift */ = {isa = PBXFileReference; lastKnownFileType = sourcecode.swift; path = EditPasswordBuilder.swift; sourceTree = "<group>"; };
		557A2DCC2B97C37900ACA400 /* TagsCollectionView.swift */ = {isa = PBXFileReference; lastKnownFileType = sourcecode.swift; path = TagsCollectionView.swift; sourceTree = "<group>"; };
		559A50482B97822F00A2BAB4 /* SettingsPresenter.swift */ = {isa = PBXFileReference; lastKnownFileType = sourcecode.swift; path = SettingsPresenter.swift; sourceTree = "<group>"; };
		559A504A2B97825400A2BAB4 /* SettingsBuilder.swift */ = {isa = PBXFileReference; lastKnownFileType = sourcecode.swift; path = SettingsBuilder.swift; sourceTree = "<group>"; };
		559A50502B97844400A2BAB4 /* TagCell.swift */ = {isa = PBXFileReference; lastKnownFileType = sourcecode.swift; path = TagCell.swift; sourceTree = "<group>"; };
		55A049172B91CB3000CD9C46 /* GroupsTableView.swift */ = {isa = PBXFileReference; lastKnownFileType = sourcecode.swift; path = GroupsTableView.swift; sourceTree = "<group>"; };
		55A326642B81F8FC007C9B74 /* Rewind.app */ = {isa = PBXFileReference; explicitFileType = wrapper.application; includeInIndex = 0; path = Rewind.app; sourceTree = BUILT_PRODUCTS_DIR; };
		55A326672B81F8FC007C9B74 /* AppDelegate.swift */ = {isa = PBXFileReference; lastKnownFileType = sourcecode.swift; path = AppDelegate.swift; sourceTree = "<group>"; };
		55A326692B81F8FC007C9B74 /* SceneDelegate.swift */ = {isa = PBXFileReference; lastKnownFileType = sourcecode.swift; path = SceneDelegate.swift; sourceTree = "<group>"; };
		55A3266B2B81F8FC007C9B74 /* ViewController.swift */ = {isa = PBXFileReference; lastKnownFileType = sourcecode.swift; path = ViewController.swift; sourceTree = "<group>"; };
		55A326702B81F8FE007C9B74 /* Assets.xcassets */ = {isa = PBXFileReference; lastKnownFileType = folder.assetcatalog; path = Assets.xcassets; sourceTree = "<group>"; };
		55A326732B81F8FE007C9B74 /* Base */ = {isa = PBXFileReference; lastKnownFileType = file.storyboard; name = Base; path = Base.lproj/LaunchScreen.storyboard; sourceTree = "<group>"; };
		55A326752B81F8FE007C9B74 /* Info.plist */ = {isa = PBXFileReference; lastKnownFileType = text.plist.xml; path = Info.plist; sourceTree = "<group>"; };
		55A326932B820701007C9B74 /* UIViewPin.swift */ = {isa = PBXFileReference; fileEncoding = 4; lastKnownFileType = sourcecode.swift; path = UIViewPin.swift; sourceTree = "<group>"; };
		55A326952B820A2D007C9B74 /* WellcomeViewController.swift */ = {isa = PBXFileReference; lastKnownFileType = sourcecode.swift; path = WellcomeViewController.swift; sourceTree = "<group>"; };
		55A326972B820B03007C9B74 /* WellcomePresenter.swift */ = {isa = PBXFileReference; lastKnownFileType = sourcecode.swift; path = WellcomePresenter.swift; sourceTree = "<group>"; };
		55A326992B820F83007C9B74 /* WellcomeBuilder.swift */ = {isa = PBXFileReference; lastKnownFileType = sourcecode.swift; path = WellcomeBuilder.swift; sourceTree = "<group>"; };
		55A3269B2B820FFA007C9B74 /* WellcomeRouter.swift */ = {isa = PBXFileReference; lastKnownFileType = sourcecode.swift; path = WellcomeRouter.swift; sourceTree = "<group>"; };
		55A326A02B821E18007C9B74 /* EnterEmailViewController.swift */ = {isa = PBXFileReference; lastKnownFileType = sourcecode.swift; path = EnterEmailViewController.swift; sourceTree = "<group>"; };
		55A326A22B82204E007C9B74 /* EnterEmailPresenter.swift */ = {isa = PBXFileReference; lastKnownFileType = sourcecode.swift; path = EnterEmailPresenter.swift; sourceTree = "<group>"; };
		55A326A42B822092007C9B74 /* EnterEmailRouter.swift */ = {isa = PBXFileReference; lastKnownFileType = sourcecode.swift; path = EnterEmailRouter.swift; sourceTree = "<group>"; };
		55A326A62B822103007C9B74 /* EnterEmailBuilder.swift */ = {isa = PBXFileReference; lastKnownFileType = sourcecode.swift; path = EnterEmailBuilder.swift; sourceTree = "<group>"; };
		55A326AC2B823CF7007C9B74 /* NetworkService.swift */ = {isa = PBXFileReference; lastKnownFileType = sourcecode.swift; path = NetworkService.swift; sourceTree = "<group>"; };
		55A326AF2B82535E007C9B74 /* UserModel.swift */ = {isa = PBXFileReference; lastKnownFileType = sourcecode.swift; path = UserModel.swift; sourceTree = "<group>"; };
		55A326B22B825453007C9B74 /* EnterCodeViewController.swift */ = {isa = PBXFileReference; lastKnownFileType = sourcecode.swift; path = EnterCodeViewController.swift; sourceTree = "<group>"; };
		55A326B42B8259D4007C9B74 /* EnterCodeBuilder.swift */ = {isa = PBXFileReference; lastKnownFileType = sourcecode.swift; path = EnterCodeBuilder.swift; sourceTree = "<group>"; };
		55A326B62B8259E1007C9B74 /* EnterCodePresenter.swift */ = {isa = PBXFileReference; lastKnownFileType = sourcecode.swift; path = EnterCodePresenter.swift; sourceTree = "<group>"; };
		55A326B82B8259F1007C9B74 /* EnterCodeRouter.swift */ = {isa = PBXFileReference; lastKnownFileType = sourcecode.swift; path = EnterCodeRouter.swift; sourceTree = "<group>"; };
		55A326BA2B82612B007C9B74 /* DataManager.swift */ = {isa = PBXFileReference; lastKnownFileType = sourcecode.swift; path = DataManager.swift; sourceTree = "<group>"; };
		55A326BE2B8263C0007C9B74 /* EnterPasswordViewController.swift */ = {isa = PBXFileReference; lastKnownFileType = sourcecode.swift; path = EnterPasswordViewController.swift; sourceTree = "<group>"; };
		55A326C02B8263C8007C9B74 /* EnterPasswordPresenter.swift */ = {isa = PBXFileReference; lastKnownFileType = sourcecode.swift; path = EnterPasswordPresenter.swift; sourceTree = "<group>"; };
		55A326C22B8263D1007C9B74 /* EnterPasswordRouter.swift */ = {isa = PBXFileReference; lastKnownFileType = sourcecode.swift; path = EnterPasswordRouter.swift; sourceTree = "<group>"; };
		55A326C42B8263D9007C9B74 /* EnterPasswordBuilder.swift */ = {isa = PBXFileReference; lastKnownFileType = sourcecode.swift; path = EnterPasswordBuilder.swift; sourceTree = "<group>"; };
		55A326C72B8268C1007C9B74 /* EnterNameViewController.swift */ = {isa = PBXFileReference; lastKnownFileType = sourcecode.swift; path = EnterNameViewController.swift; sourceTree = "<group>"; };
		55A326C92B826964007C9B74 /* EnterNamePresenter.swift */ = {isa = PBXFileReference; lastKnownFileType = sourcecode.swift; path = EnterNamePresenter.swift; sourceTree = "<group>"; };
		55A326CB2B8269F7007C9B74 /* EnterNameRouter.swift */ = {isa = PBXFileReference; lastKnownFileType = sourcecode.swift; path = EnterNameRouter.swift; sourceTree = "<group>"; };
		55A326CD2B826A44007C9B74 /* EnterNameBuilder.swift */ = {isa = PBXFileReference; lastKnownFileType = sourcecode.swift; path = EnterNameBuilder.swift; sourceTree = "<group>"; };
		55AF8C6C2B9381DC00AC7CE0 /* RewindViewController.swift */ = {isa = PBXFileReference; lastKnownFileType = sourcecode.swift; path = RewindViewController.swift; sourceTree = "<group>"; };
		55AF8C6E2B9381F100AC7CE0 /* RewindBuilder.swift */ = {isa = PBXFileReference; lastKnownFileType = sourcecode.swift; path = RewindBuilder.swift; sourceTree = "<group>"; };
		55AF8C702B93C9F800AC7CE0 /* RewindPresenter.swift */ = {isa = PBXFileReference; lastKnownFileType = sourcecode.swift; path = RewindPresenter.swift; sourceTree = "<group>"; };
		55AF8C722B93CA1800AC7CE0 /* RewindRouter.swift */ = {isa = PBXFileReference; lastKnownFileType = sourcecode.swift; path = RewindRouter.swift; sourceTree = "<group>"; };
		55AF8C752B93CF1C00AC7CE0 /* ImageInfoView.swift */ = {isa = PBXFileReference; lastKnownFileType = sourcecode.swift; path = ImageInfoView.swift; sourceTree = "<group>"; };
		55C121882B8CCA6400520718 /* UIViewControllerExtension.swift */ = {isa = PBXFileReference; lastKnownFileType = sourcecode.swift; path = UIViewControllerExtension.swift; sourceTree = "<group>"; };
		55C3E5382B95E2A300701BF8 /* SettingsViewController.swift */ = {isa = PBXFileReference; lastKnownFileType = sourcecode.swift; path = SettingsViewController.swift; sourceTree = "<group>"; };
		55C3E53A2B95E55D00701BF8 /* TypesTableView.swift */ = {isa = PBXFileReference; lastKnownFileType = sourcecode.swift; path = TypesTableView.swift; sourceTree = "<group>"; };
		55C3E53D2B9605ED00701BF8 /* SettingsCell.swift */ = {isa = PBXFileReference; lastKnownFileType = sourcecode.swift; path = SettingsCell.swift; sourceTree = "<group>"; };
		55C3E5402B96227800701BF8 /* PropertiesTableView.swift */ = {isa = PBXFileReference; lastKnownFileType = sourcecode.swift; path = PropertiesTableView.swift; sourceTree = "<group>"; };
		55C652E72B984FEE00A8C595 /* AddSearchTagViewController.swift */ = {isa = PBXFileReference; lastKnownFileType = sourcecode.swift; path = AddSearchTagViewController.swift; sourceTree = "<group>"; };
		55C652EA2B98515100A8C595 /* AddSearchTagPresenter.swift */ = {isa = PBXFileReference; lastKnownFileType = sourcecode.swift; path = AddSearchTagPresenter.swift; sourceTree = "<group>"; };
		55C652EC2B9851BA00A8C595 /* AddSearchTagBuilder.swift */ = {isa = PBXFileReference; lastKnownFileType = sourcecode.swift; path = AddSearchTagBuilder.swift; sourceTree = "<group>"; };
		55C652EE2B98570C00A8C595 /* SettingsRouter.swift */ = {isa = PBXFileReference; lastKnownFileType = sourcecode.swift; path = SettingsRouter.swift; sourceTree = "<group>"; };
		55EFC5EC2B94B0CD00E82D20 /* UserDefaultsExtension.swift */ = {isa = PBXFileReference; lastKnownFileType = sourcecode.swift; path = UserDefaultsExtension.swift; sourceTree = "<group>"; };
/* End PBXFileReference section */

/* Begin PBXFrameworksBuildPhase section */
		55A326612B81F8FC007C9B74 /* Frameworks */ = {
			isa = PBXFrameworksBuildPhase;
			buildActionMask = 2147483647;
			files = (
			);
			runOnlyForDeploymentPostprocessing = 0;
		};
/* End PBXFrameworksBuildPhase section */

/* Begin PBXGroup section */
		551426FA2B88CAAB000446E9 /* Model */ = {
			isa = PBXGroup;
			children = (
				55A326AF2B82535E007C9B74 /* UserModel.swift */,
			);
			path = Model;
			sourceTree = "<group>";
		};
		551426FB2B88CAD5000446E9 /* Services */ = {
			isa = PBXGroup;
			children = (
				55A326BA2B82612B007C9B74 /* DataManager.swift */,
				55A326AC2B823CF7007C9B74 /* NetworkService.swift */,
			);
			path = Services;
			sourceTree = "<group>";
		};
		551426FC2B88CB45000446E9 /* Account */ = {
			isa = PBXGroup;
			children = (
				556167B02B8F5900001AF383 /* EditName */,
				551509712B90981D00D162CF /* EditEmailProcess */,
				556167B52B8F5F59001AF383 /* EditPasswordProcess */,
				551427102B8943C3000446E9 /* Cells */,
				5514270F2B894381000446E9 /* Views */,
				551426FD2B88CBC6000446E9 /* AccountViewController.swift */,
				551426FF2B88CBD5000446E9 /* AccountPresenter.swift */,
				551427012B88CBEA000446E9 /* AccountRouter.swift */,
				551427032B88CBF4000446E9 /* AccountBuilder.swift */,
				550109882B8A36FE0005F1D5 /* AppIconModel.swift */,
			);
			path = Account;
			sourceTree = "<group>";
		};
		5514270F2B894381000446E9 /* Views */ = {
			isa = PBXGroup;
			children = (
				55A049172B91CB3000CD9C46 /* GroupsTableView.swift */,
				551427092B893A95000446E9 /* GeneralTableView.swift */,
				5514270D2B894198000446E9 /* AppIconCollectionView.swift */,
				5514270B2B893CBF000446E9 /* RiskyZoneTableView.swift */,
			);
			path = Views;
			sourceTree = "<group>";
		};
		551427102B8943C3000446E9 /* Cells */ = {
			isa = PBXGroup;
			children = (
				551427072B89375C000446E9 /* AppIconCell.swift */,
				550109842B89E99D0005F1D5 /* CustomTableViewCell.swift */,
			);
			path = Cells;
			sourceTree = "<group>";
		};
		551427112B8944A1000446E9 /* Utils */ = {
			isa = PBXGroup;
			children = (
				55A326932B820701007C9B74 /* UIViewPin.swift */,
				55C121882B8CCA6400520718 /* UIViewControllerExtension.swift */,
				55EFC5EC2B94B0CD00E82D20 /* UserDefaultsExtension.swift */,
			);
			path = Utils;
			sourceTree = "<group>";
		};
		551509712B90981D00D162CF /* EditEmailProcess */ = {
			isa = PBXGroup;
			children = (
				5515097A2B909CA600D162CF /* EditEmail */,
				5515097B2B909CBC00D162CF /* EnterVerificationCode */,
			);
			path = EditEmailProcess;
			sourceTree = "<group>";
		};
		5515097A2B909CA600D162CF /* EditEmail */ = {
			isa = PBXGroup;
			children = (
				551509722B90984100D162CF /* EditEmailViewController.swift */,
				551509742B90993E00D162CF /* EditEmailPresenter.swift */,
				551509762B90999200D162CF /* EditEmailRouter.swift */,
				551509782B9099A100D162CF /* EditEmailBuilder.swift */,
			);
			path = EditEmail;
			sourceTree = "<group>";
		};
		5515097B2B909CBC00D162CF /* EnterVerificationCode */ = {
			isa = PBXGroup;
			children = (
				5515097C2B909CE600D162CF /* EnterVerificationCodeViewController.swift */,
				5515097E2B909D0C00D162CF /* EnterVerificationCodePresenter.swift */,
				551509802B909D1500D162CF /* EnterVerificationCodeBuilder.swift */,
			);
			path = EnterVerificationCode;
			sourceTree = "<group>";
		};
		556167B02B8F5900001AF383 /* EditName */ = {
			isa = PBXGroup;
			children = (
				556167AE2B8F58F9001AF383 /* EditNameViewController.swift */,
				556167B12B8F5CDB001AF383 /* EditNamePresenter.swift */,
				556167B32B8F5EA5001AF383 /* EditNameBuilder.swift */,
			);
			path = EditName;
			sourceTree = "<group>";
		};
		556167B52B8F5F59001AF383 /* EditPasswordProcess */ = {
			isa = PBXGroup;
			children = (
				556167B82B8F5F85001AF383 /* EnterAuthorizationCode */,
				556167C12B8F6585001AF383 /* EditPassword */,
			);
			path = EditPasswordProcess;
			sourceTree = "<group>";
		};
		556167B82B8F5F85001AF383 /* EnterAuthorizationCode */ = {
			isa = PBXGroup;
			children = (
				556167B62B8F5F81001AF383 /* EnterAuthCodeViewController.swift */,
				556167BB2B8F61D2001AF383 /* EnterAuthCodePresenter.swift */,
				556167BF2B8F6421001AF383 /* EnterAuthCodeRouter.swift */,
				556167BD2B8F6201001AF383 /* EnterAuthCodeBuilder.swift */,
			);
			path = EnterAuthorizationCode;
			sourceTree = "<group>";
		};
		556167C12B8F6585001AF383 /* EditPassword */ = {
			isa = PBXGroup;
			children = (
				556167C22B8F659D001AF383 /* EditPasswordViewController.swift */,
				556167C42B8F6B96001AF383 /* EditPasswordPresenter.swift */,
				556167C62B8F6BD0001AF383 /* EditPasswordBuilder.swift */,
			);
			path = EditPassword;
			sourceTree = "<group>";
		};
		55A3265B2B81F8FC007C9B74 = {
			isa = PBXGroup;
			children = (
				55A326662B81F8FC007C9B74 /* Rewind */,
				55A326652B81F8FC007C9B74 /* Products */,
			);
			sourceTree = "<group>";
		};
		55A326652B81F8FC007C9B74 /* Products */ = {
			isa = PBXGroup;
			children = (
				55A326642B81F8FC007C9B74 /* Rewind.app */,
			);
			name = Products;
			sourceTree = "<group>";
		};
		55A326662B81F8FC007C9B74 /* Rewind */ = {
			isa = PBXGroup;
			children = (
				55A326CF2B826FC0007C9B74 /* App */,
				55A3267B2B81FB7F007C9B74 /* Authentication */,
				551426FC2B88CB45000446E9 /* Account */,
				55AF8C6B2B9381CB00AC7CE0 /* Rewind */,
				551426FA2B88CAAB000446E9 /* Model */,
				551426FB2B88CAD5000446E9 /* Services */,
				551427112B8944A1000446E9 /* Utils */,
				55A3266B2B81F8FC007C9B74 /* ViewController.swift */,
				55A326722B81F8FE007C9B74 /* LaunchScreen.storyboard */,
			);
			path = Rewind;
			sourceTree = "<group>";
		};
		55A3267B2B81FB7F007C9B74 /* Authentication */ = {
			isa = PBXGroup;
			children = (
				55A326AE2B825274007C9B74 /* Wellcome */,
				55A3269F2B821DF3007C9B74 /* EnterEmail */,
				55A326B12B825425007C9B74 /* EnterCode */,
				55A326BD2B8263A5007C9B74 /* EnterPassword */,
				55A326C62B8268A4007C9B74 /* EnterName */,
				555F07522B85EF5F00E6991E /* AuthConsts.swift */,
			);
			path = Authentication;
			sourceTree = "<group>";
		};
		55A3269F2B821DF3007C9B74 /* EnterEmail */ = {
			isa = PBXGroup;
			children = (
				55A326A02B821E18007C9B74 /* EnterEmailViewController.swift */,
				55A326A22B82204E007C9B74 /* EnterEmailPresenter.swift */,
				55A326A42B822092007C9B74 /* EnterEmailRouter.swift */,
				55A326A62B822103007C9B74 /* EnterEmailBuilder.swift */,
			);
			path = EnterEmail;
			sourceTree = "<group>";
		};
		55A326AE2B825274007C9B74 /* Wellcome */ = {
			isa = PBXGroup;
			children = (
				55A326952B820A2D007C9B74 /* WellcomeViewController.swift */,
				55A326972B820B03007C9B74 /* WellcomePresenter.swift */,
				55A3269B2B820FFA007C9B74 /* WellcomeRouter.swift */,
				55A326992B820F83007C9B74 /* WellcomeBuilder.swift */,
			);
			path = Wellcome;
			sourceTree = "<group>";
		};
		55A326B12B825425007C9B74 /* EnterCode */ = {
			isa = PBXGroup;
			children = (
				55A326B22B825453007C9B74 /* EnterCodeViewController.swift */,
				55A326B62B8259E1007C9B74 /* EnterCodePresenter.swift */,
				55A326B82B8259F1007C9B74 /* EnterCodeRouter.swift */,
				55A326B42B8259D4007C9B74 /* EnterCodeBuilder.swift */,
			);
			path = EnterCode;
			sourceTree = "<group>";
		};
		55A326BD2B8263A5007C9B74 /* EnterPassword */ = {
			isa = PBXGroup;
			children = (
				55A326BE2B8263C0007C9B74 /* EnterPasswordViewController.swift */,
				55A326C02B8263C8007C9B74 /* EnterPasswordPresenter.swift */,
				55A326C22B8263D1007C9B74 /* EnterPasswordRouter.swift */,
				55A326C42B8263D9007C9B74 /* EnterPasswordBuilder.swift */,
			);
			path = EnterPassword;
			sourceTree = "<group>";
		};
		55A326C62B8268A4007C9B74 /* EnterName */ = {
			isa = PBXGroup;
			children = (
				55A326C72B8268C1007C9B74 /* EnterNameViewController.swift */,
				55A326C92B826964007C9B74 /* EnterNamePresenter.swift */,
				55A326CB2B8269F7007C9B74 /* EnterNameRouter.swift */,
				55A326CD2B826A44007C9B74 /* EnterNameBuilder.swift */,
			);
			path = EnterName;
			sourceTree = "<group>";
		};
		55A326CF2B826FC0007C9B74 /* App */ = {
			isa = PBXGroup;
			children = (
				55A326672B81F8FC007C9B74 /* AppDelegate.swift */,
				55A326692B81F8FC007C9B74 /* SceneDelegate.swift */,
				55A326702B81F8FE007C9B74 /* Assets.xcassets */,
				55A326752B81F8FE007C9B74 /* Info.plist */,
			);
			path = App;
			sourceTree = "<group>";
		};
		55AF8C6B2B9381CB00AC7CE0 /* Rewind */ = {
			isa = PBXGroup;
			children = (
				55C3E5372B95E27500701BF8 /* Settings */,
				55AF8C742B93CF0000AC7CE0 /* Views */,
				55AF8C6C2B9381DC00AC7CE0 /* RewindViewController.swift */,
				55AF8C702B93C9F800AC7CE0 /* RewindPresenter.swift */,
				55AF8C722B93CA1800AC7CE0 /* RewindRouter.swift */,
				55AF8C6E2B9381F100AC7CE0 /* RewindBuilder.swift */,
			);
			path = Rewind;
			sourceTree = "<group>";
		};
		55AF8C742B93CF0000AC7CE0 /* Views */ = {
			isa = PBXGroup;
			children = (
				55AF8C752B93CF1C00AC7CE0 /* ImageInfoView.swift */,
			);
			path = Views;
			sourceTree = "<group>";
		};
		55C3E5372B95E27500701BF8 /* Settings */ = {
			isa = PBXGroup;
			children = (
				55C652E92B98513600A8C595 /* AddSearchTag */,
				55C3E53F2B96224A00701BF8 /* Views */,
				55C3E53C2B96058E00701BF8 /* Cells */,
				55C3E5382B95E2A300701BF8 /* SettingsViewController.swift */,
				559A50482B97822F00A2BAB4 /* SettingsPresenter.swift */,
				55C652EE2B98570C00A8C595 /* SettingsRouter.swift */,
				559A504A2B97825400A2BAB4 /* SettingsBuilder.swift */,
			);
			path = Settings;
			sourceTree = "<group>";
		};
		55C3E53C2B96058E00701BF8 /* Cells */ = {
			isa = PBXGroup;
			children = (
				55C3E53D2B9605ED00701BF8 /* SettingsCell.swift */,
				559A50502B97844400A2BAB4 /* TagCell.swift */,
			);
			path = Cells;
			sourceTree = "<group>";
		};
		55C3E53F2B96224A00701BF8 /* Views */ = {
			isa = PBXGroup;
			children = (
				55C3E53A2B95E55D00701BF8 /* TypesTableView.swift */,
				55C3E5402B96227800701BF8 /* PropertiesTableView.swift */,
				557A2DCC2B97C37900ACA400 /* TagsCollectionView.swift */,
			);
			path = Views;
			sourceTree = "<group>";
		};
		55C652E92B98513600A8C595 /* AddSearchTag */ = {
			isa = PBXGroup;
			children = (
				55C652E72B984FEE00A8C595 /* AddSearchTagViewController.swift */,
				55C652EA2B98515100A8C595 /* AddSearchTagPresenter.swift */,
				55C652EC2B9851BA00A8C595 /* AddSearchTagBuilder.swift */,
			);
			path = AddSearchTag;
			sourceTree = "<group>";
		};
/* End PBXGroup section */

/* Begin PBXNativeTarget section */
		55A326632B81F8FC007C9B74 /* Rewind */ = {
			isa = PBXNativeTarget;
			buildConfigurationList = 55A326782B81F8FE007C9B74 /* Build configuration list for PBXNativeTarget "Rewind" */;
			buildPhases = (
				55A326602B81F8FC007C9B74 /* Sources */,
				55A326612B81F8FC007C9B74 /* Frameworks */,
				55A326622B81F8FC007C9B74 /* Resources */,
			);
			buildRules = (
			);
			dependencies = (
			);
			name = Rewind;
			productName = Rewind;
			productReference = 55A326642B81F8FC007C9B74 /* Rewind.app */;
			productType = "com.apple.product-type.application";
		};
/* End PBXNativeTarget section */

/* Begin PBXProject section */
		55A3265C2B81F8FC007C9B74 /* Project object */ = {
			isa = PBXProject;
			attributes = {
				BuildIndependentTargetsInParallel = 1;
				LastSwiftUpdateCheck = 1500;
				LastUpgradeCheck = 1500;
				TargetAttributes = {
					55A326632B81F8FC007C9B74 = {
						CreatedOnToolsVersion = 15.0;
					};
				};
			};
			buildConfigurationList = 55A3265F2B81F8FC007C9B74 /* Build configuration list for PBXProject "Rewind" */;
			compatibilityVersion = "Xcode 14.0";
			developmentRegion = en;
			hasScannedForEncodings = 0;
			knownRegions = (
				en,
				Base,
			);
			mainGroup = 55A3265B2B81F8FC007C9B74;
			productRefGroup = 55A326652B81F8FC007C9B74 /* Products */;
			projectDirPath = "";
			projectRoot = "";
			targets = (
				55A326632B81F8FC007C9B74 /* Rewind */,
			);
		};
/* End PBXProject section */

/* Begin PBXResourcesBuildPhase section */
		55A326622B81F8FC007C9B74 /* Resources */ = {
			isa = PBXResourcesBuildPhase;
			buildActionMask = 2147483647;
			files = (
				55A326742B81F8FE007C9B74 /* LaunchScreen.storyboard in Resources */,
				55A326712B81F8FE007C9B74 /* Assets.xcassets in Resources */,
			);
			runOnlyForDeploymentPostprocessing = 0;
		};
/* End PBXResourcesBuildPhase section */

/* Begin PBXSourcesBuildPhase section */
		55A326602B81F8FC007C9B74 /* Sources */ = {
			isa = PBXSourcesBuildPhase;
			buildActionMask = 2147483647;
			files = (
				55A326B52B8259D4007C9B74 /* EnterCodeBuilder.swift in Sources */,
				55C652EB2B98515100A8C595 /* AddSearchTagPresenter.swift in Sources */,
				55A326CE2B826A44007C9B74 /* EnterNameBuilder.swift in Sources */,
				55A326BF2B8263C0007C9B74 /* EnterPasswordViewController.swift in Sources */,
				559A50492B97822F00A2BAB4 /* SettingsPresenter.swift in Sources */,
				551509772B90999200D162CF /* EditEmailRouter.swift in Sources */,
				556167C72B8F6BD0001AF383 /* EditPasswordBuilder.swift in Sources */,
				5514270C2B893CBF000446E9 /* RiskyZoneTableView.swift in Sources */,
				551427042B88CBF4000446E9 /* AccountBuilder.swift in Sources */,
				55C3E5392B95E2A300701BF8 /* SettingsViewController.swift in Sources */,
				551509752B90993E00D162CF /* EditEmailPresenter.swift in Sources */,
				55A326CC2B8269F7007C9B74 /* EnterNameRouter.swift in Sources */,
				55A326A52B822092007C9B74 /* EnterEmailRouter.swift in Sources */,
				55A326942B820701007C9B74 /* UIViewPin.swift in Sources */,
				55A3269C2B820FFA007C9B74 /* WellcomeRouter.swift in Sources */,
				551427022B88CBEA000446E9 /* AccountRouter.swift in Sources */,
				55A3266C2B81F8FC007C9B74 /* ViewController.swift in Sources */,
				55C3E5412B96227800701BF8 /* PropertiesTableView.swift in Sources */,
				557A2DCD2B97C37900ACA400 /* TagsCollectionView.swift in Sources */,
				55A326C52B8263D9007C9B74 /* EnterPasswordBuilder.swift in Sources */,
				556167C02B8F6421001AF383 /* EnterAuthCodeRouter.swift in Sources */,
				55A326982B820B03007C9B74 /* WellcomePresenter.swift in Sources */,
				551427082B89375C000446E9 /* AppIconCell.swift in Sources */,
				556167B42B8F5EA5001AF383 /* EditNameBuilder.swift in Sources */,
				5515097D2B909CE600D162CF /* EnterVerificationCodeViewController.swift in Sources */,
				55A049182B91CB3000CD9C46 /* GroupsTableView.swift in Sources */,
				55A326C12B8263C8007C9B74 /* EnterPasswordPresenter.swift in Sources */,
				55A326A32B82204E007C9B74 /* EnterEmailPresenter.swift in Sources */,
				550109892B8A36FE0005F1D5 /* AppIconModel.swift in Sources */,
				55C3E53E2B9605ED00701BF8 /* SettingsCell.swift in Sources */,
				556167BC2B8F61D2001AF383 /* EnterAuthCodePresenter.swift in Sources */,
				55AF8C712B93C9F800AC7CE0 /* RewindPresenter.swift in Sources */,
				55AF8C6F2B9381F100AC7CE0 /* RewindBuilder.swift in Sources */,
				55A326B02B82535E007C9B74 /* UserModel.swift in Sources */,
				55AF8C732B93CA1800AC7CE0 /* RewindRouter.swift in Sources */,
				55C652E82B984FEE00A8C595 /* AddSearchTagViewController.swift in Sources */,
				55A326B92B8259F1007C9B74 /* EnterCodeRouter.swift in Sources */,
				55A326B32B825453007C9B74 /* EnterCodeViewController.swift in Sources */,
				550109852B89E99D0005F1D5 /* CustomTableViewCell.swift in Sources */,
				5514270E2B894198000446E9 /* AppIconCollectionView.swift in Sources */,
				55C652ED2B9851BA00A8C595 /* AddSearchTagBuilder.swift in Sources */,
				559A50512B97844400A2BAB4 /* TagCell.swift in Sources */,
				55A326B72B8259E1007C9B74 /* EnterCodePresenter.swift in Sources */,
				551427002B88CBD5000446E9 /* AccountPresenter.swift in Sources */,
				5515097F2B909D0C00D162CF /* EnterVerificationCodePresenter.swift in Sources */,
				551509812B909D1500D162CF /* EnterVerificationCodeBuilder.swift in Sources */,
				55A326682B81F8FC007C9B74 /* AppDelegate.swift in Sources */,
				55A326962B820A2D007C9B74 /* WellcomeViewController.swift in Sources */,
				55A3266A2B81F8FC007C9B74 /* SceneDelegate.swift in Sources */,
				555F07532B85EF5F00E6991E /* AuthConsts.swift in Sources */,
				551509792B9099A100D162CF /* EditEmailBuilder.swift in Sources */,
				556167B72B8F5F81001AF383 /* EnterAuthCodeViewController.swift in Sources */,
				551426FE2B88CBC6000446E9 /* AccountViewController.swift in Sources */,
				556167AF2B8F58F9001AF383 /* EditNameViewController.swift in Sources */,
				556167B22B8F5CDB001AF383 /* EditNamePresenter.swift in Sources */,
				55A326C82B8268C1007C9B74 /* EnterNameViewController.swift in Sources */,
				5514270A2B893A95000446E9 /* GeneralTableView.swift in Sources */,
				55A326AD2B823CF7007C9B74 /* NetworkService.swift in Sources */,
				55A326A72B822103007C9B74 /* EnterEmailBuilder.swift in Sources */,
				55AF8C762B93CF1C00AC7CE0 /* ImageInfoView.swift in Sources */,
				556167C52B8F6B96001AF383 /* EditPasswordPresenter.swift in Sources */,
				556167C32B8F659D001AF383 /* EditPasswordViewController.swift in Sources */,
				55C3E53B2B95E55D00701BF8 /* TypesTableView.swift in Sources */,
				55A326A12B821E18007C9B74 /* EnterEmailViewController.swift in Sources */,
				559A504B2B97825400A2BAB4 /* SettingsBuilder.swift in Sources */,
				55A326BB2B82612B007C9B74 /* DataManager.swift in Sources */,
				55C121892B8CCA6400520718 /* UIViewControllerExtension.swift in Sources */,
				55A326C32B8263D1007C9B74 /* EnterPasswordRouter.swift in Sources */,
				55AF8C6D2B9381DC00AC7CE0 /* RewindViewController.swift in Sources */,
				55C652EF2B98570C00A8C595 /* SettingsRouter.swift in Sources */,
				55A326CA2B826964007C9B74 /* EnterNamePresenter.swift in Sources */,
				556167BE2B8F6201001AF383 /* EnterAuthCodeBuilder.swift in Sources */,
				55A3269A2B820F83007C9B74 /* WellcomeBuilder.swift in Sources */,
				55EFC5ED2B94B0CD00E82D20 /* UserDefaultsExtension.swift in Sources */,
				551509732B90984100D162CF /* EditEmailViewController.swift in Sources */,
			);
			runOnlyForDeploymentPostprocessing = 0;
		};
/* End PBXSourcesBuildPhase section */

/* Begin PBXVariantGroup section */
		55A326722B81F8FE007C9B74 /* LaunchScreen.storyboard */ = {
			isa = PBXVariantGroup;
			children = (
				55A326732B81F8FE007C9B74 /* Base */,
			);
			name = LaunchScreen.storyboard;
			sourceTree = "<group>";
		};
/* End PBXVariantGroup section */

/* Begin XCBuildConfiguration section */
		55A326762B81F8FE007C9B74 /* Debug */ = {
			isa = XCBuildConfiguration;
			buildSettings = {
				ALWAYS_SEARCH_USER_PATHS = NO;
				ASSETCATALOG_COMPILER_GENERATE_SWIFT_ASSET_SYMBOL_EXTENSIONS = YES;
				CLANG_ANALYZER_NONNULL = YES;
				CLANG_ANALYZER_NUMBER_OBJECT_CONVERSION = YES_AGGRESSIVE;
				CLANG_CXX_LANGUAGE_STANDARD = "gnu++20";
				CLANG_ENABLE_MODULES = YES;
				CLANG_ENABLE_OBJC_ARC = YES;
				CLANG_ENABLE_OBJC_WEAK = YES;
				CLANG_WARN_BLOCK_CAPTURE_AUTORELEASING = YES;
				CLANG_WARN_BOOL_CONVERSION = YES;
				CLANG_WARN_COMMA = YES;
				CLANG_WARN_CONSTANT_CONVERSION = YES;
				CLANG_WARN_DEPRECATED_OBJC_IMPLEMENTATIONS = YES;
				CLANG_WARN_DIRECT_OBJC_ISA_USAGE = YES_ERROR;
				CLANG_WARN_DOCUMENTATION_COMMENTS = YES;
				CLANG_WARN_EMPTY_BODY = YES;
				CLANG_WARN_ENUM_CONVERSION = YES;
				CLANG_WARN_INFINITE_RECURSION = YES;
				CLANG_WARN_INT_CONVERSION = YES;
				CLANG_WARN_NON_LITERAL_NULL_CONVERSION = YES;
				CLANG_WARN_OBJC_IMPLICIT_RETAIN_SELF = YES;
				CLANG_WARN_OBJC_LITERAL_CONVERSION = YES;
				CLANG_WARN_OBJC_ROOT_CLASS = YES_ERROR;
				CLANG_WARN_QUOTED_INCLUDE_IN_FRAMEWORK_HEADER = YES;
				CLANG_WARN_RANGE_LOOP_ANALYSIS = YES;
				CLANG_WARN_STRICT_PROTOTYPES = YES;
				CLANG_WARN_SUSPICIOUS_MOVE = YES;
				CLANG_WARN_UNGUARDED_AVAILABILITY = YES_AGGRESSIVE;
				CLANG_WARN_UNREACHABLE_CODE = YES;
				CLANG_WARN__DUPLICATE_METHOD_MATCH = YES;
				COPY_PHASE_STRIP = NO;
				DEBUG_INFORMATION_FORMAT = dwarf;
				ENABLE_STRICT_OBJC_MSGSEND = YES;
				ENABLE_TESTABILITY = YES;
				ENABLE_USER_SCRIPT_SANDBOXING = YES;
				GCC_C_LANGUAGE_STANDARD = gnu17;
				GCC_DYNAMIC_NO_PIC = NO;
				GCC_NO_COMMON_BLOCKS = YES;
				GCC_OPTIMIZATION_LEVEL = 0;
				GCC_PREPROCESSOR_DEFINITIONS = (
					"DEBUG=1",
					"$(inherited)",
				);
				GCC_WARN_64_TO_32_BIT_CONVERSION = YES;
				GCC_WARN_ABOUT_RETURN_TYPE = YES_ERROR;
				GCC_WARN_UNDECLARED_SELECTOR = YES;
				GCC_WARN_UNINITIALIZED_AUTOS = YES_AGGRESSIVE;
				GCC_WARN_UNUSED_FUNCTION = YES;
				GCC_WARN_UNUSED_VARIABLE = YES;
				IPHONEOS_DEPLOYMENT_TARGET = 13.0;
				LOCALIZATION_PREFERS_STRING_CATALOGS = YES;
				MTL_ENABLE_DEBUG_INFO = INCLUDE_SOURCE;
				MTL_FAST_MATH = YES;
				ONLY_ACTIVE_ARCH = YES;
				SDKROOT = iphoneos;
				SWIFT_ACTIVE_COMPILATION_CONDITIONS = "DEBUG $(inherited)";
				SWIFT_OPTIMIZATION_LEVEL = "-Onone";
			};
			name = Debug;
		};
		55A326772B81F8FE007C9B74 /* Release */ = {
			isa = XCBuildConfiguration;
			buildSettings = {
				ALWAYS_SEARCH_USER_PATHS = NO;
				ASSETCATALOG_COMPILER_GENERATE_SWIFT_ASSET_SYMBOL_EXTENSIONS = YES;
				CLANG_ANALYZER_NONNULL = YES;
				CLANG_ANALYZER_NUMBER_OBJECT_CONVERSION = YES_AGGRESSIVE;
				CLANG_CXX_LANGUAGE_STANDARD = "gnu++20";
				CLANG_ENABLE_MODULES = YES;
				CLANG_ENABLE_OBJC_ARC = YES;
				CLANG_ENABLE_OBJC_WEAK = YES;
				CLANG_WARN_BLOCK_CAPTURE_AUTORELEASING = YES;
				CLANG_WARN_BOOL_CONVERSION = YES;
				CLANG_WARN_COMMA = YES;
				CLANG_WARN_CONSTANT_CONVERSION = YES;
				CLANG_WARN_DEPRECATED_OBJC_IMPLEMENTATIONS = YES;
				CLANG_WARN_DIRECT_OBJC_ISA_USAGE = YES_ERROR;
				CLANG_WARN_DOCUMENTATION_COMMENTS = YES;
				CLANG_WARN_EMPTY_BODY = YES;
				CLANG_WARN_ENUM_CONVERSION = YES;
				CLANG_WARN_INFINITE_RECURSION = YES;
				CLANG_WARN_INT_CONVERSION = YES;
				CLANG_WARN_NON_LITERAL_NULL_CONVERSION = YES;
				CLANG_WARN_OBJC_IMPLICIT_RETAIN_SELF = YES;
				CLANG_WARN_OBJC_LITERAL_CONVERSION = YES;
				CLANG_WARN_OBJC_ROOT_CLASS = YES_ERROR;
				CLANG_WARN_QUOTED_INCLUDE_IN_FRAMEWORK_HEADER = YES;
				CLANG_WARN_RANGE_LOOP_ANALYSIS = YES;
				CLANG_WARN_STRICT_PROTOTYPES = YES;
				CLANG_WARN_SUSPICIOUS_MOVE = YES;
				CLANG_WARN_UNGUARDED_AVAILABILITY = YES_AGGRESSIVE;
				CLANG_WARN_UNREACHABLE_CODE = YES;
				CLANG_WARN__DUPLICATE_METHOD_MATCH = YES;
				COPY_PHASE_STRIP = NO;
				DEBUG_INFORMATION_FORMAT = "dwarf-with-dsym";
				ENABLE_NS_ASSERTIONS = NO;
				ENABLE_STRICT_OBJC_MSGSEND = YES;
				ENABLE_USER_SCRIPT_SANDBOXING = YES;
				GCC_C_LANGUAGE_STANDARD = gnu17;
				GCC_NO_COMMON_BLOCKS = YES;
				GCC_WARN_64_TO_32_BIT_CONVERSION = YES;
				GCC_WARN_ABOUT_RETURN_TYPE = YES_ERROR;
				GCC_WARN_UNDECLARED_SELECTOR = YES;
				GCC_WARN_UNINITIALIZED_AUTOS = YES_AGGRESSIVE;
				GCC_WARN_UNUSED_FUNCTION = YES;
				GCC_WARN_UNUSED_VARIABLE = YES;
				IPHONEOS_DEPLOYMENT_TARGET = 13.0;
				LOCALIZATION_PREFERS_STRING_CATALOGS = YES;
				MTL_ENABLE_DEBUG_INFO = NO;
				MTL_FAST_MATH = YES;
				SDKROOT = iphoneos;
				SWIFT_COMPILATION_MODE = wholemodule;
				VALIDATE_PRODUCT = YES;
			};
			name = Release;
		};
		55A326792B81F8FE007C9B74 /* Debug */ = {
			isa = XCBuildConfiguration;
			buildSettings = {
				ASSETCATALOG_COMPILER_APPICON_NAME = AppIconWhite;
				ASSETCATALOG_COMPILER_GLOBAL_ACCENT_COLOR_NAME = AccentColor;
				ASSETCATALOG_COMPILER_INCLUDE_ALL_APPICON_ASSETS = YES;
				CODE_SIGN_STYLE = Automatic;
				CURRENT_PROJECT_VERSION = 1;
				DEVELOPMENT_TEAM = 8FRM8M93L5;
				GENERATE_INFOPLIST_FILE = YES;
				INFOPLIST_FILE = Rewind/App/Info.plist;
				INFOPLIST_KEY_UIApplicationSupportsIndirectInputEvents = YES;
				INFOPLIST_KEY_UILaunchStoryboardName = LaunchScreen;
				INFOPLIST_KEY_UIMainStoryboardFile = "";
				INFOPLIST_KEY_UISupportedInterfaceOrientations = UIInterfaceOrientationPortrait;
				IPHONEOS_DEPLOYMENT_TARGET = 13.0;
				LD_RUNPATH_SEARCH_PATHS = (
					"$(inherited)",
					"@executable_path/Frameworks",
				);
				MARKETING_VERSION = 1.0;
				PRODUCT_BUNDLE_IDENTIFIER = site.aleksa.Rewind;
				PRODUCT_NAME = "$(TARGET_NAME)";
				SWIFT_EMIT_LOC_STRINGS = YES;
				SWIFT_VERSION = 5.0;
				TARGETED_DEVICE_FAMILY = "1,2";
			};
			name = Debug;
		};
		55A3267A2B81F8FE007C9B74 /* Release */ = {
			isa = XCBuildConfiguration;
			buildSettings = {
				ASSETCATALOG_COMPILER_APPICON_NAME = AppIconWhite;
				ASSETCATALOG_COMPILER_GLOBAL_ACCENT_COLOR_NAME = AccentColor;
				ASSETCATALOG_COMPILER_INCLUDE_ALL_APPICON_ASSETS = YES;
				CODE_SIGN_STYLE = Automatic;
				CURRENT_PROJECT_VERSION = 1;
				DEVELOPMENT_TEAM = 8FRM8M93L5;
				GENERATE_INFOPLIST_FILE = YES;
				INFOPLIST_FILE = Rewind/App/Info.plist;
				INFOPLIST_KEY_UIApplicationSupportsIndirectInputEvents = YES;
				INFOPLIST_KEY_UILaunchStoryboardName = LaunchScreen;
				INFOPLIST_KEY_UIMainStoryboardFile = "";
				INFOPLIST_KEY_UISupportedInterfaceOrientations = UIInterfaceOrientationPortrait;
				IPHONEOS_DEPLOYMENT_TARGET = 13.0;
				LD_RUNPATH_SEARCH_PATHS = (
					"$(inherited)",
					"@executable_path/Frameworks",
				);
				MARKETING_VERSION = 1.0;
				PRODUCT_BUNDLE_IDENTIFIER = site.aleksa.Rewind;
				PRODUCT_NAME = "$(TARGET_NAME)";
				SWIFT_EMIT_LOC_STRINGS = YES;
				SWIFT_VERSION = 5.0;
				TARGETED_DEVICE_FAMILY = "1,2";
			};
			name = Release;
		};
/* End XCBuildConfiguration section */

/* Begin XCConfigurationList section */
		55A3265F2B81F8FC007C9B74 /* Build configuration list for PBXProject "Rewind" */ = {
			isa = XCConfigurationList;
			buildConfigurations = (
				55A326762B81F8FE007C9B74 /* Debug */,
				55A326772B81F8FE007C9B74 /* Release */,
			);
			defaultConfigurationIsVisible = 0;
			defaultConfigurationName = Release;
		};
		55A326782B81F8FE007C9B74 /* Build configuration list for PBXNativeTarget "Rewind" */ = {
			isa = XCConfigurationList;
			buildConfigurations = (
				55A326792B81F8FE007C9B74 /* Debug */,
				55A3267A2B81F8FE007C9B74 /* Release */,
			);
			defaultConfigurationIsVisible = 0;
			defaultConfigurationName = Release;
		};
/* End XCConfigurationList section */
	};
	rootObject = 55A3265C2B81F8FC007C9B74 /* Project object */;
}
